
Microsoft Visual Studio Solution File, Format Version 12.00
# Visual Studio Version 17
VisualStudioVersion = 17.3.32819.101
MinimumVisualStudioVersion = 10.0.40219.1
Project("{FAE04EC0-301F-11D3-BF4B-00C04F79EFBC}") = "FL2022-Assignment1-bwilson", "FL2022-Assignment1-bwilson\FL2022-Assignment1-bwilson.csproj", "{DC80A4C8-3607-4329-9EE8-91403DAA5B5C}"
EndProject
Global
	GlobalSection(SolutionConfigurationPlatforms) = preSolution
		Debug|Any CPU = Debug|Any CPU
		Release|Any CPU = Release|Any CPU
	EndGlobalSection
	GlobalSection(ProjectConfigurationPlatforms) = postSolution
		{DC80A4C8-3607-4329-9EE8-91403DAA5B5C}.Debug|Any CPU.ActiveCfg = Debug|Any CPU
		{DC80A4C8-3607-4329-9EE8-91403DAA5B5C}.Debug|Any CPU.Build.0 = Debug|Any CPU
		{DC80A4C8-3607-4329-9EE8-91403DAA5B5C}.Release|Any CPU.ActiveCfg = Release|Any CPU
		{DC80A4C8-3607-4329-9EE8-91403DAA5B5C}.Release|Any CPU.Build.0 = Release|Any CPU
	EndGlobalSection
	GlobalSection(SolutionProperties) = preSolution
		HideSolutionNode = FALSE
	EndGlobalSection
	GlobalSection(ExtensibilityGlobals) = postSolution
		SolutionGuid = {DD45AB83-AB83-4B94-9926-FF3878EEB0A3}
	EndGlobalSection
EndGlobal
